
Microsoft Visual Studio Solution File, Format Version 12.00
# Visual Studio Version 16
VisualStudioVersion = 16.0.31205.134
MinimumVisualStudioVersion = 10.0.40219.1
Project("{FAE04EC0-301F-11D3-BF4B-00C04F79EFBC}") = "InventoryManagementSystem", "InventoryManagementSystem.csproj", "{5543989F-6D93-4E0C-AB5F-EDAD3D3EFD63}"
EndProject
Global
	GlobalSection(SolutionConfigurationPlatforms) = preSolution
		Debug|Any CPU = Debug|Any CPU
		Release|Any CPU = Release|Any CPU
	EndGlobalSection
	GlobalSection(ProjectConfigurationPlatforms) = postSolution
		{5543989F-6D93-4E0C-AB5F-EDAD3D3EFD63}.Debug|Any CPU.ActiveCfg = Debug|Any CPU
		{5543989F-6D93-4E0C-AB5F-EDAD3D3EFD63}.Debug|Any CPU.Build.0 = Debug|Any CPU
		{5543989F-6D93-4E0C-AB5F-EDAD3D3EFD63}.Release|Any CPU.ActiveCfg = Release|Any CPU
		{5543989F-6D93-4E0C-AB5F-EDAD3D3EFD63}.Release|Any CPU.Build.0 = Release|Any CPU
	EndGlobalSection
	GlobalSection(SolutionProperties) = preSolution
		HideSolutionNode = FALSE
	EndGlobalSection
	GlobalSection(ExtensibilityGlobals) = postSolution
		SolutionGuid = {0B4BAC53-8B45-4150-8ED1-BF645F50DF41}
	EndGlobalSection
EndGlobal
